// !$*UTF8*$!
{
	archiveVersion = 1;
	classes = {
	};
	objectVersion = 50;
	objects = {

/* Begin PBXBuildFile section */
		151924CD2330D487000FCAD8 /* AppDelegate.swift in Sources */ = {isa = PBXBuildFile; fileRef = 151924CC2330D487000FCAD8 /* AppDelegate.swift */; };
		151924D22330D487000FCAD8 /* Main.storyboard in Resources */ = {isa = PBXBuildFile; fileRef = 151924D02330D487000FCAD8 /* Main.storyboard */; };
		151924D52330D487000FCAD8 /* MovieApp.xcdatamodeld in Sources */ = {isa = PBXBuildFile; fileRef = 151924D32330D487000FCAD8 /* MovieApp.xcdatamodeld */; };
		151924D72330D488000FCAD8 /* Assets.xcassets in Resources */ = {isa = PBXBuildFile; fileRef = 151924D62330D488000FCAD8 /* Assets.xcassets */; };
		151924DA2330D488000FCAD8 /* LaunchScreen.storyboard in Resources */ = {isa = PBXBuildFile; fileRef = 151924D82330D488000FCAD8 /* LaunchScreen.storyboard */; };
		151924E52330D488000FCAD8 /* MovieAppTests.swift in Sources */ = {isa = PBXBuildFile; fileRef = 151924E42330D488000FCAD8 /* MovieAppTests.swift */; };
		151924F02330D488000FCAD8 /* MovieAppUITests.swift in Sources */ = {isa = PBXBuildFile; fileRef = 151924EF2330D488000FCAD8 /* MovieAppUITests.swift */; };
		151925012330D69A000FCAD8 /* AppCoordinator.swift in Sources */ = {isa = PBXBuildFile; fileRef = 151925002330D69A000FCAD8 /* AppCoordinator.swift */; };
		151925042330D6F6000FCAD8 /* Coordinator.swift in Sources */ = {isa = PBXBuildFile; fileRef = 151925032330D6F6000FCAD8 /* Coordinator.swift */; };
		151925062330D96C000FCAD8 /* MovieListCoordinator.swift in Sources */ = {isa = PBXBuildFile; fileRef = 151925052330D96C000FCAD8 /* MovieListCoordinator.swift */; };
		151925082330DCD8000FCAD8 /* MovieListViewController.swift in Sources */ = {isa = PBXBuildFile; fileRef = 151925072330DCD8000FCAD8 /* MovieListViewController.swift */; };
		1519250F2331ED97000FCAD8 /* MovieListViewModel.swift in Sources */ = {isa = PBXBuildFile; fileRef = 1519250E2331ED97000FCAD8 /* MovieListViewModel.swift */; };
		151925112331EDA8000FCAD8 /* MovieListModel.swift in Sources */ = {isa = PBXBuildFile; fileRef = 151925102331EDA8000FCAD8 /* MovieListModel.swift */; };
		151925152331EEA3000FCAD8 /* ListViewModel.swift in Sources */ = {isa = PBXBuildFile; fileRef = 151925142331EEA3000FCAD8 /* ListViewModel.swift */; };
		151925172331EEB2000FCAD8 /* ListModel.swift in Sources */ = {isa = PBXBuildFile; fileRef = 151925162331EEB2000FCAD8 /* ListModel.swift */; };
/* End PBXBuildFile section */

/* Begin PBXContainerItemProxy section */
		151924E12330D488000FCAD8 /* PBXContainerItemProxy */ = {
			isa = PBXContainerItemProxy;
			containerPortal = 151924C12330D487000FCAD8 /* Project object */;
			proxyType = 1;
			remoteGlobalIDString = 151924C82330D487000FCAD8;
			remoteInfo = MovieApp;
		};
		151924EC2330D488000FCAD8 /* PBXContainerItemProxy */ = {
			isa = PBXContainerItemProxy;
			containerPortal = 151924C12330D487000FCAD8 /* Project object */;
			proxyType = 1;
			remoteGlobalIDString = 151924C82330D487000FCAD8;
			remoteInfo = MovieApp;
		};
/* End PBXContainerItemProxy section */

/* Begin PBXFileReference section */
		151924C92330D487000FCAD8 /* MovieApp.app */ = {isa = PBXFileReference; explicitFileType = wrapper.application; includeInIndex = 0; path = MovieApp.app; sourceTree = BUILT_PRODUCTS_DIR; };
		151924CC2330D487000FCAD8 /* AppDelegate.swift */ = {isa = PBXFileReference; lastKnownFileType = sourcecode.swift; path = AppDelegate.swift; sourceTree = "<group>"; };
		151924D12330D487000FCAD8 /* Base */ = {isa = PBXFileReference; lastKnownFileType = file.storyboard; name = Base; path = Base.lproj/Main.storyboard; sourceTree = "<group>"; };
		151924D42330D487000FCAD8 /* MovieApp.xcdatamodel */ = {isa = PBXFileReference; lastKnownFileType = wrapper.xcdatamodel; path = MovieApp.xcdatamodel; sourceTree = "<group>"; };
		151924D62330D488000FCAD8 /* Assets.xcassets */ = {isa = PBXFileReference; lastKnownFileType = folder.assetcatalog; path = Assets.xcassets; sourceTree = "<group>"; };
		151924D92330D488000FCAD8 /* Base */ = {isa = PBXFileReference; lastKnownFileType = file.storyboard; name = Base; path = Base.lproj/LaunchScreen.storyboard; sourceTree = "<group>"; };
		151924DB2330D488000FCAD8 /* Info.plist */ = {isa = PBXFileReference; lastKnownFileType = text.plist.xml; path = Info.plist; sourceTree = "<group>"; };
		151924E02330D488000FCAD8 /* MovieAppTests.xctest */ = {isa = PBXFileReference; explicitFileType = wrapper.cfbundle; includeInIndex = 0; path = MovieAppTests.xctest; sourceTree = BUILT_PRODUCTS_DIR; };
		151924E42330D488000FCAD8 /* MovieAppTests.swift */ = {isa = PBXFileReference; lastKnownFileType = sourcecode.swift; path = MovieAppTests.swift; sourceTree = "<group>"; };
		151924E62330D488000FCAD8 /* Info.plist */ = {isa = PBXFileReference; lastKnownFileType = text.plist.xml; path = Info.plist; sourceTree = "<group>"; };
		151924EB2330D488000FCAD8 /* MovieAppUITests.xctest */ = {isa = PBXFileReference; explicitFileType = wrapper.cfbundle; includeInIndex = 0; path = MovieAppUITests.xctest; sourceTree = BUILT_PRODUCTS_DIR; };
		151924EF2330D488000FCAD8 /* MovieAppUITests.swift */ = {isa = PBXFileReference; lastKnownFileType = sourcecode.swift; path = MovieAppUITests.swift; sourceTree = "<group>"; };
		151924F12330D488000FCAD8 /* Info.plist */ = {isa = PBXFileReference; lastKnownFileType = text.plist.xml; path = Info.plist; sourceTree = "<group>"; };
		151925002330D69A000FCAD8 /* AppCoordinator.swift */ = {isa = PBXFileReference; lastKnownFileType = sourcecode.swift; path = AppCoordinator.swift; sourceTree = "<group>"; };
		151925032330D6F6000FCAD8 /* Coordinator.swift */ = {isa = PBXFileReference; lastKnownFileType = sourcecode.swift; path = Coordinator.swift; sourceTree = "<group>"; };
		151925052330D96C000FCAD8 /* MovieListCoordinator.swift */ = {isa = PBXFileReference; lastKnownFileType = sourcecode.swift; path = MovieListCoordinator.swift; sourceTree = "<group>"; };
		151925072330DCD8000FCAD8 /* MovieListViewController.swift */ = {isa = PBXFileReference; lastKnownFileType = sourcecode.swift; path = MovieListViewController.swift; sourceTree = "<group>"; };
		1519250E2331ED97000FCAD8 /* MovieListViewModel.swift */ = {isa = PBXFileReference; lastKnownFileType = sourcecode.swift; path = MovieListViewModel.swift; sourceTree = "<group>"; };
		151925102331EDA8000FCAD8 /* MovieListModel.swift */ = {isa = PBXFileReference; lastKnownFileType = sourcecode.swift; path = MovieListModel.swift; sourceTree = "<group>"; };
		151925142331EEA3000FCAD8 /* ListViewModel.swift */ = {isa = PBXFileReference; lastKnownFileType = sourcecode.swift; path = ListViewModel.swift; sourceTree = "<group>"; };
		151925162331EEB2000FCAD8 /* ListModel.swift */ = {isa = PBXFileReference; lastKnownFileType = sourcecode.swift; path = ListModel.swift; sourceTree = "<group>"; };
/* End PBXFileReference section */

/* Begin PBXFrameworksBuildPhase section */
		151924C62330D487000FCAD8 /* Frameworks */ = {
			isa = PBXFrameworksBuildPhase;
			buildActionMask = 2147483647;
			files = (
			);
			runOnlyForDeploymentPostprocessing = 0;
		};
		151924DD2330D488000FCAD8 /* Frameworks */ = {
			isa = PBXFrameworksBuildPhase;
			buildActionMask = 2147483647;
			files = (
			);
			runOnlyForDeploymentPostprocessing = 0;
		};
		151924E82330D488000FCAD8 /* Frameworks */ = {
			isa = PBXFrameworksBuildPhase;
			buildActionMask = 2147483647;
			files = (
			);
			runOnlyForDeploymentPostprocessing = 0;
		};
/* End PBXFrameworksBuildPhase section */

/* Begin PBXGroup section */
		151924C02330D487000FCAD8 = {
			isa = PBXGroup;
			children = (
				151924CB2330D487000FCAD8 /* MovieApp */,
				151924E32330D488000FCAD8 /* MovieAppTests */,
				151924EE2330D488000FCAD8 /* MovieAppUITests */,
				151924CA2330D487000FCAD8 /* Products */,
			);
			sourceTree = "<group>";
		};
		151924CA2330D487000FCAD8 /* Products */ = {
			isa = PBXGroup;
			children = (
				151924C92330D487000FCAD8 /* MovieApp.app */,
				151924E02330D488000FCAD8 /* MovieAppTests.xctest */,
				151924EB2330D488000FCAD8 /* MovieAppUITests.xctest */,
			);
			name = Products;
			sourceTree = "<group>";
		};
		151924CB2330D487000FCAD8 /* MovieApp */ = {
			isa = PBXGroup;
			children = (
				151924FD2330D656000FCAD8 /* Coordinators */,
				151925092330DCE7000FCAD8 /* Features */,
				151924CC2330D487000FCAD8 /* AppDelegate.swift */,
				151924D02330D487000FCAD8 /* Main.storyboard */,
				151924D62330D488000FCAD8 /* Assets.xcassets */,
				151924D82330D488000FCAD8 /* LaunchScreen.storyboard */,
				151924DB2330D488000FCAD8 /* Info.plist */,
				151924D32330D487000FCAD8 /* MovieApp.xcdatamodeld */,
			);
			path = MovieApp;
			sourceTree = "<group>";
		};
		151924E32330D488000FCAD8 /* MovieAppTests */ = {
			isa = PBXGroup;
			children = (
				151924E42330D488000FCAD8 /* MovieAppTests.swift */,
				151924E62330D488000FCAD8 /* Info.plist */,
			);
			path = MovieAppTests;
			sourceTree = "<group>";
		};
		151924EE2330D488000FCAD8 /* MovieAppUITests */ = {
			isa = PBXGroup;
			children = (
				151924EF2330D488000FCAD8 /* MovieAppUITests.swift */,
				151924F12330D488000FCAD8 /* Info.plist */,
			);
			path = MovieAppUITests;
			sourceTree = "<group>";
		};
		151924FD2330D656000FCAD8 /* Coordinators */ = {
			isa = PBXGroup;
			children = (
				151925022330D6D7000FCAD8 /* Protocols */,
				151925002330D69A000FCAD8 /* AppCoordinator.swift */,
				151925052330D96C000FCAD8 /* MovieListCoordinator.swift */,
			);
			path = Coordinators;
			sourceTree = "<group>";
		};
		151925022330D6D7000FCAD8 /* Protocols */ = {
			isa = PBXGroup;
			children = (
				151925032330D6F6000FCAD8 /* Coordinator.swift */,
			);
			path = Protocols;
			sourceTree = "<group>";
		};
		151925092330DCE7000FCAD8 /* Features */ = {
			isa = PBXGroup;
			children = (
				1519250A2330DCFD000FCAD8 /* MovieList */,
			);
			path = Features;
			sourceTree = "<group>";
		};
		1519250A2330DCFD000FCAD8 /* MovieList */ = {
			isa = PBXGroup;
			children = (
				1519250D2331ECCE000FCAD8 /* Models */,
				1519250C2331ECC3000FCAD8 /* ViewModels */,
				1519250B2330DD07000FCAD8 /* Views */,
			);
			path = MovieList;
			sourceTree = "<group>";
		};
		1519250B2330DD07000FCAD8 /* Views */ = {
			isa = PBXGroup;
			children = (
				151925072330DCD8000FCAD8 /* MovieListViewController.swift */,
			);
			path = Views;
			sourceTree = "<group>";
		};
		1519250C2331ECC3000FCAD8 /* ViewModels */ = {
			isa = PBXGroup;
			children = (
				151925122331EDBE000FCAD8 /* Protocols */,
				1519250E2331ED97000FCAD8 /* MovieListViewModel.swift */,
			);
			path = ViewModels;
			sourceTree = "<group>";
		};
		1519250D2331ECCE000FCAD8 /* Models */ = {
			isa = PBXGroup;
			children = (
				151925132331EDCC000FCAD8 /* Protocols */,
				151925102331EDA8000FCAD8 /* MovieListModel.swift */,
			);
			path = Models;
			sourceTree = "<group>";
		};
		151925122331EDBE000FCAD8 /* Protocols */ = {
			isa = PBXGroup;
			children = (
				151925142331EEA3000FCAD8 /* ListViewModel.swift */,
			);
			path = Protocols;
			sourceTree = "<group>";
		};
		151925132331EDCC000FCAD8 /* Protocols */ = {
			isa = PBXGroup;
			children = (
				151925162331EEB2000FCAD8 /* ListModel.swift */,
			);
			path = Protocols;
			sourceTree = "<group>";
		};
/* End PBXGroup section */

/* Begin PBXNativeTarget section */
		151924C82330D487000FCAD8 /* MovieApp */ = {
			isa = PBXNativeTarget;
			buildConfigurationList = 151924F42330D488000FCAD8 /* Build configuration list for PBXNativeTarget "MovieApp" */;
			buildPhases = (
				151924C52330D487000FCAD8 /* Sources */,
				151924C62330D487000FCAD8 /* Frameworks */,
				151924C72330D487000FCAD8 /* Resources */,
			);
			buildRules = (
			);
			dependencies = (
			);
			name = MovieApp;
			productName = MovieApp;
			productReference = 151924C92330D487000FCAD8 /* MovieApp.app */;
			productType = "com.apple.product-type.application";
		};
		151924DF2330D488000FCAD8 /* MovieAppTests */ = {
			isa = PBXNativeTarget;
			buildConfigurationList = 151924F72330D488000FCAD8 /* Build configuration list for PBXNativeTarget "MovieAppTests" */;
			buildPhases = (
				151924DC2330D488000FCAD8 /* Sources */,
				151924DD2330D488000FCAD8 /* Frameworks */,
				151924DE2330D488000FCAD8 /* Resources */,
			);
			buildRules = (
			);
			dependencies = (
				151924E22330D488000FCAD8 /* PBXTargetDependency */,
			);
			name = MovieAppTests;
			productName = MovieAppTests;
			productReference = 151924E02330D488000FCAD8 /* MovieAppTests.xctest */;
			productType = "com.apple.product-type.bundle.unit-test";
		};
		151924EA2330D488000FCAD8 /* MovieAppUITests */ = {
			isa = PBXNativeTarget;
			buildConfigurationList = 151924FA2330D488000FCAD8 /* Build configuration list for PBXNativeTarget "MovieAppUITests" */;
			buildPhases = (
				151924E72330D488000FCAD8 /* Sources */,
				151924E82330D488000FCAD8 /* Frameworks */,
				151924E92330D488000FCAD8 /* Resources */,
			);
			buildRules = (
			);
			dependencies = (
				151924ED2330D488000FCAD8 /* PBXTargetDependency */,
			);
			name = MovieAppUITests;
			productName = MovieAppUITests;
			productReference = 151924EB2330D488000FCAD8 /* MovieAppUITests.xctest */;
			productType = "com.apple.product-type.bundle.ui-testing";
		};
/* End PBXNativeTarget section */

/* Begin PBXProject section */
		151924C12330D487000FCAD8 /* Project object */ = {
			isa = PBXProject;
			attributes = {
				LastSwiftUpdateCheck = 1030;
				LastUpgradeCheck = 1030;
				ORGANIZATIONNAME = "Jaeseob Hwang";
				TargetAttributes = {
					151924C82330D487000FCAD8 = {
						CreatedOnToolsVersion = 10.3;
					};
					151924DF2330D488000FCAD8 = {
						CreatedOnToolsVersion = 10.3;
						TestTargetID = 151924C82330D487000FCAD8;
					};
					151924EA2330D488000FCAD8 = {
						CreatedOnToolsVersion = 10.3;
						TestTargetID = 151924C82330D487000FCAD8;
					};
				};
			};
			buildConfigurationList = 151924C42330D487000FCAD8 /* Build configuration list for PBXProject "MovieApp" */;
			compatibilityVersion = "Xcode 9.3";
			developmentRegion = en;
			hasScannedForEncodings = 0;
			knownRegions = (
				en,
				Base,
			);
			mainGroup = 151924C02330D487000FCAD8;
			productRefGroup = 151924CA2330D487000FCAD8 /* Products */;
			projectDirPath = "";
			projectRoot = "";
			targets = (
				151924C82330D487000FCAD8 /* MovieApp */,
				151924DF2330D488000FCAD8 /* MovieAppTests */,
				151924EA2330D488000FCAD8 /* MovieAppUITests */,
			);
		};
/* End PBXProject section */

/* Begin PBXResourcesBuildPhase section */
		151924C72330D487000FCAD8 /* Resources */ = {
			isa = PBXResourcesBuildPhase;
			buildActionMask = 2147483647;
			files = (
				151924DA2330D488000FCAD8 /* LaunchScreen.storyboard in Resources */,
				151924D72330D488000FCAD8 /* Assets.xcassets in Resources */,
				151924D22330D487000FCAD8 /* Main.storyboard in Resources */,
			);
			runOnlyForDeploymentPostprocessing = 0;
		};
		151924DE2330D488000FCAD8 /* Resources */ = {
			isa = PBXResourcesBuildPhase;
			buildActionMask = 2147483647;
			files = (
			);
			runOnlyForDeploymentPostprocessing = 0;
		};
		151924E92330D488000FCAD8 /* Resources */ = {
			isa = PBXResourcesBuildPhase;
			buildActionMask = 2147483647;
			files = (
			);
			runOnlyForDeploymentPostprocessing = 0;
		};
/* End PBXResourcesBuildPhase section */

/* Begin PBXSourcesBuildPhase section */
		151924C52330D487000FCAD8 /* Sources */ = {
			isa = PBXSourcesBuildPhase;
			buildActionMask = 2147483647;
			files = (
				151925012330D69A000FCAD8 /* AppCoordinator.swift in Sources */,
				151925042330D6F6000FCAD8 /* Coordinator.swift in Sources */,
				151924CD2330D487000FCAD8 /* AppDelegate.swift in Sources */,
				1519250F2331ED97000FCAD8 /* MovieListViewModel.swift in Sources */,
				151925112331EDA8000FCAD8 /* MovieListModel.swift in Sources */,
				151925152331EEA3000FCAD8 /* ListViewModel.swift in Sources */,
				151924D52330D487000FCAD8 /* MovieApp.xcdatamodeld in Sources */,
				151925062330D96C000FCAD8 /* MovieListCoordinator.swift in Sources */,
				151925082330DCD8000FCAD8 /* MovieListViewController.swift in Sources */,
				151925172331EEB2000FCAD8 /* ListModel.swift in Sources */,
			);
			runOnlyForDeploymentPostprocessing = 0;
		};
		151924DC2330D488000FCAD8 /* Sources */ = {
			isa = PBXSourcesBuildPhase;
			buildActionMask = 2147483647;
			files = (
				151924E52330D488000FCAD8 /* MovieAppTests.swift in Sources */,
			);
			runOnlyForDeploymentPostprocessing = 0;
		};
		151924E72330D488000FCAD8 /* Sources */ = {
			isa = PBXSourcesBuildPhase;
			buildActionMask = 2147483647;
			files = (
				151924F02330D488000FCAD8 /* MovieAppUITests.swift in Sources */,
			);
			runOnlyForDeploymentPostprocessing = 0;
		};
/* End PBXSourcesBuildPhase section */

/* Begin PBXTargetDependency section */
		151924E22330D488000FCAD8 /* PBXTargetDependency */ = {
			isa = PBXTargetDependency;
			target = 151924C82330D487000FCAD8 /* MovieApp */;
			targetProxy = 151924E12330D488000FCAD8 /* PBXContainerItemProxy */;
		};
		151924ED2330D488000FCAD8 /* PBXTargetDependency */ = {
			isa = PBXTargetDependency;
			target = 151924C82330D487000FCAD8 /* MovieApp */;
			targetProxy = 151924EC2330D488000FCAD8 /* PBXContainerItemProxy */;
		};
/* End PBXTargetDependency section */

/* Begin PBXVariantGroup section */
		151924D02330D487000FCAD8 /* Main.storyboard */ = {
			isa = PBXVariantGroup;
			children = (
				151924D12330D487000FCAD8 /* Base */,
			);
			name = Main.storyboard;
			sourceTree = "<group>";
		};
		151924D82330D488000FCAD8 /* LaunchScreen.storyboard */ = {
			isa = PBXVariantGroup;
			children = (
				151924D92330D488000FCAD8 /* Base */,
			);
			name = LaunchScreen.storyboard;
			sourceTree = "<group>";
		};
/* End PBXVariantGroup section */

/* Begin XCBuildConfiguration section */
		151924F22330D488000FCAD8 /* Debug */ = {
			isa = XCBuildConfiguration;
			buildSettings = {
				ALWAYS_SEARCH_USER_PATHS = NO;
				CLANG_ANALYZER_NONNULL = YES;
				CLANG_ANALYZER_NUMBER_OBJECT_CONVERSION = YES_AGGRESSIVE;
				CLANG_CXX_LANGUAGE_STANDARD = "gnu++14";
				CLANG_CXX_LIBRARY = "libc++";
				CLANG_ENABLE_MODULES = YES;
				CLANG_ENABLE_OBJC_ARC = YES;
				CLANG_ENABLE_OBJC_WEAK = YES;
				CLANG_WARN_BLOCK_CAPTURE_AUTORELEASING = YES;
				CLANG_WARN_BOOL_CONVERSION = YES;
				CLANG_WARN_COMMA = YES;
				CLANG_WARN_CONSTANT_CONVERSION = YES;
				CLANG_WARN_DEPRECATED_OBJC_IMPLEMENTATIONS = YES;
				CLANG_WARN_DIRECT_OBJC_ISA_USAGE = YES_ERROR;
				CLANG_WARN_DOCUMENTATION_COMMENTS = YES;
				CLANG_WARN_EMPTY_BODY = YES;
				CLANG_WARN_ENUM_CONVERSION = YES;
				CLANG_WARN_INFINITE_RECURSION = YES;
				CLANG_WARN_INT_CONVERSION = YES;
				CLANG_WARN_NON_LITERAL_NULL_CONVERSION = YES;
				CLANG_WARN_OBJC_IMPLICIT_RETAIN_SELF = YES;
				CLANG_WARN_OBJC_LITERAL_CONVERSION = YES;
				CLANG_WARN_OBJC_ROOT_CLASS = YES_ERROR;
				CLANG_WARN_RANGE_LOOP_ANALYSIS = YES;
				CLANG_WARN_STRICT_PROTOTYPES = YES;
				CLANG_WARN_SUSPICIOUS_MOVE = YES;
				CLANG_WARN_UNGUARDED_AVAILABILITY = YES_AGGRESSIVE;
				CLANG_WARN_UNREACHABLE_CODE = YES;
				CLANG_WARN__DUPLICATE_METHOD_MATCH = YES;
				CODE_SIGN_IDENTITY = "iPhone Developer";
				COPY_PHASE_STRIP = NO;
				DEBUG_INFORMATION_FORMAT = dwarf;
				ENABLE_STRICT_OBJC_MSGSEND = YES;
				ENABLE_TESTABILITY = YES;
				GCC_C_LANGUAGE_STANDARD = gnu11;
				GCC_DYNAMIC_NO_PIC = NO;
				GCC_NO_COMMON_BLOCKS = YES;
				GCC_OPTIMIZATION_LEVEL = 0;
				GCC_PREPROCESSOR_DEFINITIONS = (
					"DEBUG=1",
					"$(inherited)",
				);
				GCC_WARN_64_TO_32_BIT_CONVERSION = YES;
				GCC_WARN_ABOUT_RETURN_TYPE = YES_ERROR;
				GCC_WARN_UNDECLARED_SELECTOR = YES;
				GCC_WARN_UNINITIALIZED_AUTOS = YES_AGGRESSIVE;
				GCC_WARN_UNUSED_FUNCTION = YES;
				GCC_WARN_UNUSED_VARIABLE = YES;
				IPHONEOS_DEPLOYMENT_TARGET = 12.4;
				MTL_ENABLE_DEBUG_INFO = INCLUDE_SOURCE;
				MTL_FAST_MATH = YES;
				ONLY_ACTIVE_ARCH = YES;
				SDKROOT = iphoneos;
				SWIFT_ACTIVE_COMPILATION_CONDITIONS = DEBUG;
				SWIFT_OPTIMIZATION_LEVEL = "-Onone";
			};
			name = Debug;
		};
		151924F32330D488000FCAD8 /* Release */ = {
			isa = XCBuildConfiguration;
			buildSettings = {
				ALWAYS_SEARCH_USER_PATHS = NO;
				CLANG_ANALYZER_NONNULL = YES;
				CLANG_ANALYZER_NUMBER_OBJECT_CONVERSION = YES_AGGRESSIVE;
				CLANG_CXX_LANGUAGE_STANDARD = "gnu++14";
				CLANG_CXX_LIBRARY = "libc++";
				CLANG_ENABLE_MODULES = YES;
				CLANG_ENABLE_OBJC_ARC = YES;
				CLANG_ENABLE_OBJC_WEAK = YES;
				CLANG_WARN_BLOCK_CAPTURE_AUTORELEASING = YES;
				CLANG_WARN_BOOL_CONVERSION = YES;
				CLANG_WARN_COMMA = YES;
				CLANG_WARN_CONSTANT_CONVERSION = YES;
				CLANG_WARN_DEPRECATED_OBJC_IMPLEMENTATIONS = YES;
				CLANG_WARN_DIRECT_OBJC_ISA_USAGE = YES_ERROR;
				CLANG_WARN_DOCUMENTATION_COMMENTS = YES;
				CLANG_WARN_EMPTY_BODY = YES;
				CLANG_WARN_ENUM_CONVERSION = YES;
				CLANG_WARN_INFINITE_RECURSION = YES;
				CLANG_WARN_INT_CONVERSION = YES;
				CLANG_WARN_NON_LITERAL_NULL_CONVERSION = YES;
				CLANG_WARN_OBJC_IMPLICIT_RETAIN_SELF = YES;
				CLANG_WARN_OBJC_LITERAL_CONVERSION = YES;
				CLANG_WARN_OBJC_ROOT_CLASS = YES_ERROR;
				CLANG_WARN_RANGE_LOOP_ANALYSIS = YES;
				CLANG_WARN_STRICT_PROTOTYPES = YES;
				CLANG_WARN_SUSPICIOUS_MOVE = YES;
				CLANG_WARN_UNGUARDED_AVAILABILITY = YES_AGGRESSIVE;
				CLANG_WARN_UNREACHABLE_CODE = YES;
				CLANG_WARN__DUPLICATE_METHOD_MATCH = YES;
				CODE_SIGN_IDENTITY = "iPhone Developer";
				COPY_PHASE_STRIP = NO;
				DEBUG_INFORMATION_FORMAT = "dwarf-with-dsym";
				ENABLE_NS_ASSERTIONS = NO;
				ENABLE_STRICT_OBJC_MSGSEND = YES;
				GCC_C_LANGUAGE_STANDARD = gnu11;
				GCC_NO_COMMON_BLOCKS = YES;
				GCC_WARN_64_TO_32_BIT_CONVERSION = YES;
				GCC_WARN_ABOUT_RETURN_TYPE = YES_ERROR;
				GCC_WARN_UNDECLARED_SELECTOR = YES;
				GCC_WARN_UNINITIALIZED_AUTOS = YES_AGGRESSIVE;
				GCC_WARN_UNUSED_FUNCTION = YES;
				GCC_WARN_UNUSED_VARIABLE = YES;
				IPHONEOS_DEPLOYMENT_TARGET = 12.4;
				MTL_ENABLE_DEBUG_INFO = NO;
				MTL_FAST_MATH = YES;
				SDKROOT = iphoneos;
				SWIFT_COMPILATION_MODE = wholemodule;
				SWIFT_OPTIMIZATION_LEVEL = "-O";
				VALIDATE_PRODUCT = YES;
			};
			name = Release;
		};
		151924F52330D488000FCAD8 /* Debug */ = {
			isa = XCBuildConfiguration;
			buildSettings = {
				ASSETCATALOG_COMPILER_APPICON_NAME = AppIcon;
				CODE_SIGN_STYLE = Automatic;
				DEVELOPMENT_TEAM = 4QDA237VX3;
				INFOPLIST_FILE = MovieApp/Info.plist;
				LD_RUNPATH_SEARCH_PATHS = (
					"$(inherited)",
					"@executable_path/Frameworks",
				);
				PRODUCT_BUNDLE_IDENTIFIER = com.bpl.MovieApp;
				PRODUCT_NAME = "$(TARGET_NAME)";
				SWIFT_VERSION = 5.0;
				TARGETED_DEVICE_FAMILY = "1,2";
			};
			name = Debug;
		};
		151924F62330D488000FCAD8 /* Release */ = {
			isa = XCBuildConfiguration;
			buildSettings = {
				ASSETCATALOG_COMPILER_APPICON_NAME = AppIcon;
				CODE_SIGN_STYLE = Automatic;
				DEVELOPMENT_TEAM = 4QDA237VX3;
				INFOPLIST_FILE = MovieApp/Info.plist;
				LD_RUNPATH_SEARCH_PATHS = (
					"$(inherited)",
					"@executable_path/Frameworks",
				);
				PRODUCT_BUNDLE_IDENTIFIER = com.bpl.MovieApp;
				PRODUCT_NAME = "$(TARGET_NAME)";
				SWIFT_VERSION = 5.0;
				TARGETED_DEVICE_FAMILY = "1,2";
			};
			name = Release;
		};
		151924F82330D488000FCAD8 /* Debug */ = {
			isa = XCBuildConfiguration;
			buildSettings = {
				ALWAYS_EMBED_SWIFT_STANDARD_LIBRARIES = YES;
				BUNDLE_LOADER = "$(TEST_HOST)";
				CODE_SIGN_STYLE = Automatic;
				DEVELOPMENT_TEAM = 4QDA237VX3;
				INFOPLIST_FILE = MovieAppTests/Info.plist;
				LD_RUNPATH_SEARCH_PATHS = (
					"$(inherited)",
					"@executable_path/Frameworks",
					"@loader_path/Frameworks",
				);
				PRODUCT_BUNDLE_IDENTIFIER = com.bpl.MovieAppTests;
				PRODUCT_NAME = "$(TARGET_NAME)";
				SWIFT_VERSION = 5.0;
				TARGETED_DEVICE_FAMILY = "1,2";
				TEST_HOST = "$(BUILT_PRODUCTS_DIR)/MovieApp.app/MovieApp";
			};
			name = Debug;
		};
		151924F92330D488000FCAD8 /* Release */ = {
			isa = XCBuildConfiguration;
			buildSettings = {
				ALWAYS_EMBED_SWIFT_STANDARD_LIBRARIES = YES;
				BUNDLE_LOADER = "$(TEST_HOST)";
				CODE_SIGN_STYLE = Automatic;
				DEVELOPMENT_TEAM = 4QDA237VX3;
				INFOPLIST_FILE = MovieAppTests/Info.plist;
				LD_RUNPATH_SEARCH_PATHS = (
					"$(inherited)",
					"@executable_path/Frameworks",
					"@loader_path/Frameworks",
				);
				PRODUCT_BUNDLE_IDENTIFIER = com.bpl.MovieAppTests;
				PRODUCT_NAME = "$(TARGET_NAME)";
				SWIFT_VERSION = 5.0;
				TARGETED_DEVICE_FAMILY = "1,2";
				TEST_HOST = "$(BUILT_PRODUCTS_DIR)/MovieApp.app/MovieApp";
			};
			name = Release;
		};
		151924FB2330D488000FCAD8 /* Debug */ = {
			isa = XCBuildConfiguration;
			buildSettings = {
				ALWAYS_EMBED_SWIFT_STANDARD_LIBRARIES = YES;
				CODE_SIGN_STYLE = Automatic;
				DEVELOPMENT_TEAM = 4QDA237VX3;
				INFOPLIST_FILE = MovieAppUITests/Info.plist;
				LD_RUNPATH_SEARCH_PATHS = (
					"$(inherited)",
					"@executable_path/Frameworks",
					"@loader_path/Frameworks",
				);
				PRODUCT_BUNDLE_IDENTIFIER = com.bpl.MovieAppUITests;
				PRODUCT_NAME = "$(TARGET_NAME)";
				SWIFT_VERSION = 5.0;
				TARGETED_DEVICE_FAMILY = "1,2";
				TEST_TARGET_NAME = MovieApp;
			};
			name = Debug;
		};
		151924FC2330D488000FCAD8 /* Release */ = {
			isa = XCBuildConfiguration;
			buildSettings = {
				ALWAYS_EMBED_SWIFT_STANDARD_LIBRARIES = YES;
				CODE_SIGN_STYLE = Automatic;
				DEVELOPMENT_TEAM = 4QDA237VX3;
				INFOPLIST_FILE = MovieAppUITests/Info.plist;
				LD_RUNPATH_SEARCH_PATHS = (
					"$(inherited)",
					"@executable_path/Frameworks",
					"@loader_path/Frameworks",
				);
				PRODUCT_BUNDLE_IDENTIFIER = com.bpl.MovieAppUITests;
				PRODUCT_NAME = "$(TARGET_NAME)";
				SWIFT_VERSION = 5.0;
				TARGETED_DEVICE_FAMILY = "1,2";
				TEST_TARGET_NAME = MovieApp;
			};
			name = Release;
		};
/* End XCBuildConfiguration section */

/* Begin XCConfigurationList section */
		151924C42330D487000FCAD8 /* Build configuration list for PBXProject "MovieApp" */ = {
			isa = XCConfigurationList;
			buildConfigurations = (
				151924F22330D488000FCAD8 /* Debug */,
				151924F32330D488000FCAD8 /* Release */,
			);
			defaultConfigurationIsVisible = 0;
			defaultConfigurationName = Release;
		};
		151924F42330D488000FCAD8 /* Build configuration list for PBXNativeTarget "MovieApp" */ = {
			isa = XCConfigurationList;
			buildConfigurations = (
				151924F52330D488000FCAD8 /* Debug */,
				151924F62330D488000FCAD8 /* Release */,
			);
			defaultConfigurationIsVisible = 0;
			defaultConfigurationName = Release;
		};
		151924F72330D488000FCAD8 /* Build configuration list for PBXNativeTarget "MovieAppTests" */ = {
			isa = XCConfigurationList;
			buildConfigurations = (
				151924F82330D488000FCAD8 /* Debug */,
				151924F92330D488000FCAD8 /* Release */,
			);
			defaultConfigurationIsVisible = 0;
			defaultConfigurationName = Release;
		};
		151924FA2330D488000FCAD8 /* Build configuration list for PBXNativeTarget "MovieAppUITests" */ = {
			isa = XCConfigurationList;
			buildConfigurations = (
				151924FB2330D488000FCAD8 /* Debug */,
				151924FC2330D488000FCAD8 /* Release */,
			);
			defaultConfigurationIsVisible = 0;
			defaultConfigurationName = Release;
		};
/* End XCConfigurationList section */

/* Begin XCVersionGroup section */
		151924D32330D487000FCAD8 /* MovieApp.xcdatamodeld */ = {
			isa = XCVersionGroup;
			children = (
				151924D42330D487000FCAD8 /* MovieApp.xcdatamodel */,
			);
			currentVersion = 151924D42330D487000FCAD8 /* MovieApp.xcdatamodel */;
			path = MovieApp.xcdatamodeld;
			sourceTree = "<group>";
			versionGroupType = wrapper.xcdatamodel;
		};
/* End XCVersionGroup section */
	};
	rootObject = 151924C12330D487000FCAD8 /* Project object */;
}
